
Microsoft Visual Studio Solution File, Format Version 12.00
# Visual Studio Version 16
VisualStudioVersion = 16.0.29424.173
MinimumVisualStudioVersion = 10.0.40219.1
Project("{FAE04EC0-301F-11D3-BF4B-00C04F79EFBC}") = "3-25 HW MVC Blog", "3-25 HW MVC Blog\3-25 HW MVC Blog.csproj", "{EBBEF2AF-CB70-4C6B-921A-61EAB32C40F3}"
EndProject
Global
	GlobalSection(SolutionConfigurationPlatforms) = preSolution
		Debug|Any CPU = Debug|Any CPU
		Release|Any CPU = Release|Any CPU
	EndGlobalSection
	GlobalSection(ProjectConfigurationPlatforms) = postSolution
		{EBBEF2AF-CB70-4C6B-921A-61EAB32C40F3}.Debug|Any CPU.ActiveCfg = Debug|Any CPU
		{EBBEF2AF-CB70-4C6B-921A-61EAB32C40F3}.Debug|Any CPU.Build.0 = Debug|Any CPU
		{EBBEF2AF-CB70-4C6B-921A-61EAB32C40F3}.Release|Any CPU.ActiveCfg = Release|Any CPU
		{EBBEF2AF-CB70-4C6B-921A-61EAB32C40F3}.Release|Any CPU.Build.0 = Release|Any CPU
	EndGlobalSection
	GlobalSection(SolutionProperties) = preSolution
		HideSolutionNode = FALSE
	EndGlobalSection
	GlobalSection(ExtensibilityGlobals) = postSolution
		SolutionGuid = {9B40ABC4-03DE-4D27-8F77-6BB816BBF8BC}
	EndGlobalSection
EndGlobal
